{
  "requires": true,
  "lockfileVersion": 1,
  "dependencies": {
    "ngx-cookie-service": {
      "version": "12.0.3",
      "resolved": "https://registry.npmjs.org/ngx-cookie-service/-/ngx-cookie-service-12.0.3.tgz",
      "integrity": "sha512-F5xJBTrrreI2DERGOrO6U+L7s031HxTER+3Z4gDCwxdTl4AXmtWddMxxQVw7KflOLZ4InYEs6FjQsXmKU4HsJg==",
      "requires": {
        "tslib": "^2.0.0"
      }
    },
    "tslib": {
      "version": "2.3.1",
      "resolved": "https://registry.npmjs.org/tslib/-/tslib-2.3.1.tgz",
      "integrity": "sha512-77EbyPPpMz+FRFRuAFlWMtmgUWGe9UOG2Z25NqCwiIjRhOf5iKGuzSe5P2w1laq+FkRy4p+PCuVkJSGkzTEKVw=="
    }
  }
}
